
Microsoft Visual Studio Solution File, Format Version 12.00
# Visual Studio 15
VisualStudioVersion = 15.0.28307.168
MinimumVisualStudioVersion = 10.0.40219.1
Project("{FAE04EC0-301F-11D3-BF4B-00C04F79EFBC}") = "MGM.API", "MGM.API\MGM.API.csproj", "{E0743929-73B2-4AF4-AFC8-681AB546897E}"
EndProject
Project("{FAE04EC0-301F-11D3-BF4B-00C04F79EFBC}") = "MGM.CQRS", "MGM.CQRS\MGM.CQRS.csproj", "{4B6AC060-A0CF-48AB-9FF8-32F60FAFA354}"
EndProject
Project("{FAE04EC0-301F-11D3-BF4B-00C04F79EFBC}") = "MGM.Authorization", "MGM.Authorization\MGM.Authorization.csproj", "{D06F53CB-63A3-405C-9534-2F9E8C63E7E8}"
EndProject
Global
	GlobalSection(SolutionConfigurationPlatforms) = preSolution
		Debug|Any CPU = Debug|Any CPU
		Release|Any CPU = Release|Any CPU
	EndGlobalSection
	GlobalSection(ProjectConfigurationPlatforms) = postSolution
		{E0743929-73B2-4AF4-AFC8-681AB546897E}.Debug|Any CPU.ActiveCfg = Debug|Any CPU
		{E0743929-73B2-4AF4-AFC8-681AB546897E}.Debug|Any CPU.Build.0 = Debug|Any CPU
		{E0743929-73B2-4AF4-AFC8-681AB546897E}.Release|Any CPU.ActiveCfg = Release|Any CPU
		{E0743929-73B2-4AF4-AFC8-681AB546897E}.Release|Any CPU.Build.0 = Release|Any CPU
		{4B6AC060-A0CF-48AB-9FF8-32F60FAFA354}.Debug|Any CPU.ActiveCfg = Debug|Any CPU
		{4B6AC060-A0CF-48AB-9FF8-32F60FAFA354}.Debug|Any CPU.Build.0 = Debug|Any CPU
		{4B6AC060-A0CF-48AB-9FF8-32F60FAFA354}.Release|Any CPU.ActiveCfg = Release|Any CPU
		{4B6AC060-A0CF-48AB-9FF8-32F60FAFA354}.Release|Any CPU.Build.0 = Release|Any CPU
		{D06F53CB-63A3-405C-9534-2F9E8C63E7E8}.Debug|Any CPU.ActiveCfg = Debug|Any CPU
		{D06F53CB-63A3-405C-9534-2F9E8C63E7E8}.Debug|Any CPU.Build.0 = Debug|Any CPU
		{D06F53CB-63A3-405C-9534-2F9E8C63E7E8}.Release|Any CPU.ActiveCfg = Release|Any CPU
		{D06F53CB-63A3-405C-9534-2F9E8C63E7E8}.Release|Any CPU.Build.0 = Release|Any CPU
	EndGlobalSection
	GlobalSection(SolutionProperties) = preSolution
		HideSolutionNode = FALSE
	EndGlobalSection
	GlobalSection(ExtensibilityGlobals) = postSolution
		SolutionGuid = {077125AC-D258-41A1-8653-135D501D856A}
	EndGlobalSection
EndGlobal
